
Microsoft Visual Studio Solution File, Format Version 12.00
# Visual Studio Version 17
VisualStudioVersion = 17.11.35303.130
MinimumVisualStudioVersion = 10.0.40219.1
Project("{FAE04EC0-301F-11D3-BF4B-00C04F79EFBC}") = "Allatbolt", "Allatbolt.csproj", "{F15EC72B-5BB3-47A0-9A84-BC199E586043}"
EndProject
Global
	GlobalSection(SolutionConfigurationPlatforms) = preSolution
		Debug|Any CPU = Debug|Any CPU
		Release|Any CPU = Release|Any CPU
	EndGlobalSection
	GlobalSection(ProjectConfigurationPlatforms) = postSolution
		{F15EC72B-5BB3-47A0-9A84-BC199E586043}.Debug|Any CPU.ActiveCfg = Debug|Any CPU
		{F15EC72B-5BB3-47A0-9A84-BC199E586043}.Debug|Any CPU.Build.0 = Debug|Any CPU
		{F15EC72B-5BB3-47A0-9A84-BC199E586043}.Release|Any CPU.ActiveCfg = Release|Any CPU
		{F15EC72B-5BB3-47A0-9A84-BC199E586043}.Release|Any CPU.Build.0 = Release|Any CPU
	EndGlobalSection
	GlobalSection(SolutionProperties) = preSolution
		HideSolutionNode = FALSE
	EndGlobalSection
	GlobalSection(ExtensibilityGlobals) = postSolution
		SolutionGuid = {CC81A997-D19A-448D-95E9-C80A143A979B}
	EndGlobalSection
EndGlobal
